PODS:
  - YbridOgg (0.7.3)
  - YbridOpus (0.7.1)
  - YbridPlayerSDK (0.8.1):
    - YbridOgg
    - YbridOpus

DEPENDENCIES:
  - YbridPlayerSDK

SPEC REPOS:
  https://github.com/CocoaPods/Specs.git:
    - YbridOgg
    - YbridOpus
    - YbridPlayerSDK

SPEC CHECKSUMS:
  YbridOgg: e8e652ef1a291175a486ef90d192cfd964261630
  YbridOpus: 76ef1ad9631b8128810bd894ff73ffd641d67cfb
  YbridPlayerSDK: 2ea286985efb34f0565d64fbb985bf19bc0bcd31

PODFILE CHECKSUM: 51136ba41530569540501bd013585db6a9655343

COCOAPODS: 1.10.0
