PODS:
  - YbridOgg (0.7.4)
  - YbridOpus (0.7.1)
  - YbridPlayerSDK (0.12.0):
    - YbridOgg (= 0.7.4)
    - YbridOpus (= 0.7.1)

DEPENDENCIES:
  - YbridPlayerSDK (from `~/github/player-sdk-swift`)

SPEC REPOS:
  https://github.com/CocoaPods/Specs.git:
    - YbridOgg
    - YbridOpus

EXTERNAL SOURCES:
  YbridPlayerSDK:
    :path: "~/github/player-sdk-swift"

SPEC CHECKSUMS:
  YbridOgg: 10ad81cccae140351d2852aeacb39f45baa6d155
  YbridOpus: 76ef1ad9631b8128810bd894ff73ffd641d67cfb
  YbridPlayerSDK: c8dffead02409aae42a6d64a26e336c969d25b25

PODFILE CHECKSUM: a85c4505c2d93eb02e64febcedff383643e5e535

COCOAPODS: 1.10.0
